lockfileVersion: '9.0'

settings:
  autoInstallPeers: true
  excludeLinksFromLockfile: false

importers:

  .:
    dependencies:
      fast-xml-parser:
        specifier: ^5.3.3
        version: 5.3.3
    devDependencies:
      typescript:
        specifier: ^5.9.3
        version: 5.9.3

packages:

  fast-xml-parser@5.3.3:
    resolution: {integrity: sha512-2O3dkPAAC6JavuMm8+4+pgTk+5hoAs+CjZ+sWcQLkX9+/tHRuTkQh/Oaifr8qDmZ8iEHb771Ea6G8CdwkrgvYA==}
    hasBin: true

  strnum@2.1.2:
    resolution: {integrity: sha512-l63NF9y/cLROq/yqKXSLtcMeeyOfnSQlfMSlzFt/K73oIaD8DGaQWd7Z34X9GPiKqP5rbSh84Hl4bOlLcjiSrQ==}

  typescript@5.9.3:
    resolution: {integrity: sha512-jl1vZzPDinLr9eUt3J/t7V6FgNEw9QjvBPdysz9KfQDD41fQrC2Y4vKQdiaUpFT4bXlb1RHhLpp8wtm6M5TgSw==}
    engines: {node: '>=14.17'}
    hasBin: true

snapshots:

  fast-xml-parser@5.3.3:
    dependencies:
      strnum: 2.1.2

  strnum@2.1.2: {}

  typescript@5.9.3: {}
